
Microsoft Visual Studio Solution File, Format Version 12.00
# Visual Studio Version 16
VisualStudioVersion = 16.0.30413.136
MinimumVisualStudioVersion = 10.0.40219.1
Project("{8BC9CEB8-8B4A-11D0-8D11-00A0C91BC942}") = "Online-Store", "Online-Store\Online-Store.vcxproj", "{D2C15ECC-B7FB-4D5B-9A55-8919606091E1}"
EndProject
Project("{8BC9CEB8-8B4A-11D0-8D11-00A0C91BC942}") = "Connect_DB", "Connect_DB\Connect_DB.vcxproj", "{997A89D9-D83C-4464-8070-6FD7D8542171}"
EndProject
Project("{8BC9CEB8-8B4A-11D0-8D11-00A0C91BC942}") = "TESTING", "TESTING\TESTING.vcxproj", "{903385B5-5D9F-4773-92B0-6EE1BEEACAD2}"
EndProject
Project("{888888A0-9F3D-457C-B088-3A5042F75D52}") = "DISCORD_BOT", "DISCORD_BOT\DISCORD_BOT.pyproj", "{2554E9A2-4ED8-4CC8-95AD-B5DD6279B21E}"
EndProject
Global
	GlobalSection(SolutionConfigurationPlatforms) = preSolution
		Debug|Any CPU = Debug|Any CPU
		Debug|x64 = Debug|x64
		Debug|x86 = Debug|x86
		Release|Any CPU = Release|Any CPU
		Release|x64 = Release|x64
		Release|x86 = Release|x86
	EndGlobalSection
	GlobalSection(ProjectConfigurationPlatforms) = postSolution
		{D2C15ECC-B7FB-4D5B-9A55-8919606091E1}.Debug|Any CPU.ActiveCfg = Debug|Win32
		{D2C15ECC-B7FB-4D5B-9A55-8919606091E1}.Debug|x64.ActiveCfg = Debug|x64
		{D2C15ECC-B7FB-4D5B-9A55-8919606091E1}.Debug|x64.Build.0 = Debug|x64
		{D2C15ECC-B7FB-4D5B-9A55-8919606091E1}.Debug|x86.ActiveCfg = Debug|Win32
		{D2C15ECC-B7FB-4D5B-9A55-8919606091E1}.Debug|x86.Build.0 = Debug|Win32
		{D2C15ECC-B7FB-4D5B-9A55-8919606091E1}.Release|Any CPU.ActiveCfg = Release|Win32
		{D2C15ECC-B7FB-4D5B-9A55-8919606091E1}.Release|x64.ActiveCfg = Release|x64
		{D2C15ECC-B7FB-4D5B-9A55-8919606091E1}.Release|x64.Build.0 = Release|x64
		{D2C15ECC-B7FB-4D5B-9A55-8919606091E1}.Release|x86.ActiveCfg = Release|Win32
		{D2C15ECC-B7FB-4D5B-9A55-8919606091E1}.Release|x86.Build.0 = Release|Win32
		{997A89D9-D83C-4464-8070-6FD7D8542171}.Debug|Any CPU.ActiveCfg = Debug|Win32
		{997A89D9-D83C-4464-8070-6FD7D8542171}.Debug|x64.ActiveCfg = Debug|x64
		{997A89D9-D83C-4464-8070-6FD7D8542171}.Debug|x64.Build.0 = Debug|x64
		{997A89D9-D83C-4464-8070-6FD7D8542171}.Debug|x86.ActiveCfg = Debug|Win32
		{997A89D9-D83C-4464-8070-6FD7D8542171}.Debug|x86.Build.0 = Debug|Win32
		{997A89D9-D83C-4464-8070-6FD7D8542171}.Release|Any CPU.ActiveCfg = Release|Win32
		{997A89D9-D83C-4464-8070-6FD7D8542171}.Release|x64.ActiveCfg = Release|x64
		{997A89D9-D83C-4464-8070-6FD7D8542171}.Release|x64.Build.0 = Release|x64
		{997A89D9-D83C-4464-8070-6FD7D8542171}.Release|x86.ActiveCfg = Release|Win32
		{997A89D9-D83C-4464-8070-6FD7D8542171}.Release|x86.Build.0 = Release|Win32
		{903385B5-5D9F-4773-92B0-6EE1BEEACAD2}.Debug|Any CPU.ActiveCfg = Debug|Win32
		{903385B5-5D9F-4773-92B0-6EE1BEEACAD2}.Debug|x64.ActiveCfg = Debug|x64
		{903385B5-5D9F-4773-92B0-6EE1BEEACAD2}.Debug|x64.Build.0 = Debug|x64
		{903385B5-5D9F-4773-92B0-6EE1BEEACAD2}.Debug|x86.ActiveCfg = Debug|Win32
		{903385B5-5D9F-4773-92B0-6EE1BEEACAD2}.Debug|x86.Build.0 = Debug|Win32
		{903385B5-5D9F-4773-92B0-6EE1BEEACAD2}.Release|Any CPU.ActiveCfg = Release|Win32
		{903385B5-5D9F-4773-92B0-6EE1BEEACAD2}.Release|x64.ActiveCfg = Release|x64
		{903385B5-5D9F-4773-92B0-6EE1BEEACAD2}.Release|x64.Build.0 = Release|x64
		{903385B5-5D9F-4773-92B0-6EE1BEEACAD2}.Release|x86.ActiveCfg = Release|Win32
		{903385B5-5D9F-4773-92B0-6EE1BEEACAD2}.Release|x86.Build.0 = Release|Win32
		{2554E9A2-4ED8-4CC8-95AD-B5DD6279B21E}.Debug|Any CPU.ActiveCfg = Debug|Any CPU
		{2554E9A2-4ED8-4CC8-95AD-B5DD6279B21E}.Debug|x64.ActiveCfg = Debug|Any CPU
		{2554E9A2-4ED8-4CC8-95AD-B5DD6279B21E}.Debug|x86.ActiveCfg = Debug|Any CPU
		{2554E9A2-4ED8-4CC8-95AD-B5DD6279B21E}.Release|Any CPU.ActiveCfg = Release|Any CPU
		{2554E9A2-4ED8-4CC8-95AD-B5DD6279B21E}.Release|x64.ActiveCfg = Release|Any CPU
		{2554E9A2-4ED8-4CC8-95AD-B5DD6279B21E}.Release|x86.ActiveCfg = Release|Any CPU
	EndGlobalSection
	GlobalSection(SolutionProperties) = preSolution
		HideSolutionNode = FALSE
	EndGlobalSection
	GlobalSection(ExtensibilityGlobals) = postSolution
		SolutionGuid = {48D55789-DDD6-4F44-94CB-76ECE3DE9049}
	EndGlobalSection
EndGlobal
